
Microsoft Visual Studio Solution File, Format Version 12.00
# Visual Studio Version 17
VisualStudioVersion = 17.14.36202.13
MinimumVisualStudioVersion = 10.0.40219.1
Project("{FAE04EC0-301F-11D3-BF4B-00C04F79EFBC}") = "MXAppMedia.Api", "MXAppMedia.Api\MXAppMedia.Api.csproj", "{7EAB5E8A-86B6-4746-8CF3-48B78B8367D5}"
EndProject
Project("{FAE04EC0-301F-11D3-BF4B-00C04F79EFBC}") = "MXAppMedia.Web", "MXAppMedia.Web\MXAppMedia.Web.csproj", "{F782622B-0100-41F4-8F5A-FB07E805EAD3}"
EndProject
Project("{2150E333-8FDC-42A3-9474-1A3956D46DE8}") = "Frontend", "Frontend", "{02EA681E-C7D8-13C7-8484-4AC65E1B71E8}"
EndProject
Project("{2150E333-8FDC-42A3-9474-1A3956D46DE8}") = "Backend", "Backend", "{F73AA82D-00EA-41B8-AEFD-30B8A6E51BCA}"
EndProject
Global
	GlobalSection(SolutionConfigurationPlatforms) = preSolution
		Debug|Any CPU = Debug|Any CPU
		Release|Any CPU = Release|Any CPU
	EndGlobalSection
	GlobalSection(ProjectConfigurationPlatforms) = postSolution
		{7EAB5E8A-86B6-4746-8CF3-48B78B8367D5}.Debug|Any CPU.ActiveCfg = Debug|Any CPU
		{7EAB5E8A-86B6-4746-8CF3-48B78B8367D5}.Debug|Any CPU.Build.0 = Debug|Any CPU
		{7EAB5E8A-86B6-4746-8CF3-48B78B8367D5}.Release|Any CPU.ActiveCfg = Release|Any CPU
		{7EAB5E8A-86B6-4746-8CF3-48B78B8367D5}.Release|Any CPU.Build.0 = Release|Any CPU
		{F782622B-0100-41F4-8F5A-FB07E805EAD3}.Debug|Any CPU.ActiveCfg = Debug|Any CPU
		{F782622B-0100-41F4-8F5A-FB07E805EAD3}.Debug|Any CPU.Build.0 = Debug|Any CPU
		{F782622B-0100-41F4-8F5A-FB07E805EAD3}.Release|Any CPU.ActiveCfg = Release|Any CPU
		{F782622B-0100-41F4-8F5A-FB07E805EAD3}.Release|Any CPU.Build.0 = Release|Any CPU
	EndGlobalSection
	GlobalSection(SolutionProperties) = preSolution
		HideSolutionNode = FALSE
	EndGlobalSection
	GlobalSection(NestedProjects) = preSolution
		{7EAB5E8A-86B6-4746-8CF3-48B78B8367D5} = {F73AA82D-00EA-41B8-AEFD-30B8A6E51BCA}
		{F782622B-0100-41F4-8F5A-FB07E805EAD3} = {02EA681E-C7D8-13C7-8484-4AC65E1B71E8}
	EndGlobalSection
	GlobalSection(ExtensibilityGlobals) = postSolution
		SolutionGuid = {E4D8E36D-3239-4188-8649-CD47A0D51047}
	EndGlobalSection
EndGlobal
